
Microsoft Visual Studio Solution File, Format Version 12.00
# Visual Studio Version 16
VisualStudioVersion = 16.0.29519.181
MinimumVisualStudioVersion = 10.0.40219.1
Project("{FAE04EC0-301F-11D3-BF4B-00C04F79EFBC}") = "SportsStoreApp", "SportsStoreApp.csproj", "{8CF10479-A6F5-479E-A387-7354B714A4EE}"
EndProject
Global
	GlobalSection(SolutionConfigurationPlatforms) = preSolution
		Debug|Any CPU = Debug|Any CPU
		Release|Any CPU = Release|Any CPU
	EndGlobalSection
	GlobalSection(ProjectConfigurationPlatforms) = postSolution
		{8CF10479-A6F5-479E-A387-7354B714A4EE}.Debug|Any CPU.ActiveCfg = Debug|Any CPU
		{8CF10479-A6F5-479E-A387-7354B714A4EE}.Debug|Any CPU.Build.0 = Debug|Any CPU
		{8CF10479-A6F5-479E-A387-7354B714A4EE}.Release|Any CPU.ActiveCfg = Release|Any CPU
		{8CF10479-A6F5-479E-A387-7354B714A4EE}.Release|Any CPU.Build.0 = Release|Any CPU
	EndGlobalSection
	GlobalSection(SolutionProperties) = preSolution
		HideSolutionNode = FALSE
	EndGlobalSection
	GlobalSection(ExtensibilityGlobals) = postSolution
		SolutionGuid = {817D4570-6543-44A9-92D8-11691EE96BE0}
	EndGlobalSection
EndGlobal
